// !$*UTF8*$!
{
	archiveVersion = 1;
	classes = {
	};
	objectVersion = 56;
	objects = {

/* Begin PBXBuildFile section */
		D8AEA95C2C26C11B00205F90 /* SahabatMikroFintekApp.swift in Sources */ = {isa = PBXBuildFile; fileRef = D8AEA95B2C26C11B00205F90 /* SahabatMikroFintekApp.swift */; };
		D8AEA9602C26C11C00205F90 /* Assets.xcassets in Resources */ = {isa = PBXBuildFile; fileRef = D8AEA95F2C26C11C00205F90 /* Assets.xcassets */; };
		D8AEA9632C26C11C00205F90 /* Preview Assets.xcassets in Resources */ = {isa = PBXBuildFile; fileRef = D8AEA9622C26C11C00205F90 /* Preview Assets.xcassets */; };
		D8AEA96D2C26C1B200205F90 /* LoanListView.swift in Sources */ = {isa = PBXBuildFile; fileRef = D8AEA96C2C26C1B200205F90 /* LoanListView.swift */; };
		D8AEA96F2C26C1C900205F90 /* LoanListViewModel.swift in Sources */ = {isa = PBXBuildFile; fileRef = D8AEA96E2C26C1C900205F90 /* LoanListViewModel.swift */; };
		D8AEA9732C26C99F00205F90 /* Loan.swift in Sources */ = {isa = PBXBuildFile; fileRef = D8AEA9722C26C99F00205F90 /* Loan.swift */; };
		D8AEA9752C26C9ED00205F90 /* Borrower.swift in Sources */ = {isa = PBXBuildFile; fileRef = D8AEA9742C26C9ED00205F90 /* Borrower.swift */; };
		D8AEA9772C26CA4A00205F90 /* Collateral.swift in Sources */ = {isa = PBXBuildFile; fileRef = D8AEA9762C26CA4A00205F90 /* Collateral.swift */; };
		D8AEA9792C26CA8B00205F90 /* Document.swift in Sources */ = {isa = PBXBuildFile; fileRef = D8AEA9782C26CA8B00205F90 /* Document.swift */; };
		D8AEA97B2C26CACC00205F90 /* RepaymentSchedule.swift in Sources */ = {isa = PBXBuildFile; fileRef = D8AEA97A2C26CACC00205F90 /* RepaymentSchedule.swift */; };
		D8AEA97D2C26D18C00205F90 /* LoanResponse.swift in Sources */ = {isa = PBXBuildFile; fileRef = D8AEA97C2C26D18C00205F90 /* LoanResponse.swift */; };
		D8AEA9802C26D62000205F90 /* ListComponent.swift in Sources */ = {isa = PBXBuildFile; fileRef = D8AEA97F2C26D62000205F90 /* ListComponent.swift */; };
		D8AEA9852C270B7900205F90 /* LoanDetailView.swift in Sources */ = {isa = PBXBuildFile; fileRef = D8AEA9842C270B7900205F90 /* LoanDetailView.swift */; };
		D8AEA9872C270B8500205F90 /* LoanDetailViewModel.swift in Sources */ = {isa = PBXBuildFile; fileRef = D8AEA9862C270B8500205F90 /* LoanDetailViewModel.swift */; };
		D8AEA9892C28022F00205F90 /* DocumentDetailView.swift in Sources */ = {isa = PBXBuildFile; fileRef = D8AEA9882C28022F00205F90 /* DocumentDetailView.swift */; };
		D8AEA98C2C28608A00205F90 /* DateFormatter.swift in Sources */ = {isa = PBXBuildFile; fileRef = D8AEA98B2C28608A00205F90 /* DateFormatter.swift */; };
		D8AEA98E2C2863F700205F90 /* SortModalView.swift in Sources */ = {isa = PBXBuildFile; fileRef = D8AEA98D2C2863F700205F90 /* SortModalView.swift */; };
		D8AEA9942C2864B700205F90 /* SortComponent.swift in Sources */ = {isa = PBXBuildFile; fileRef = D8AEA9932C2864B700205F90 /* SortComponent.swift */; };
/* End PBXBuildFile section */

/* Begin PBXFileReference section */
		D8AEA9582C26C11B00205F90 /* SahabatMikroFintek.app */ = {isa = PBXFileReference; explicitFileType = wrapper.application; includeInIndex = 0; path = SahabatMikroFintek.app; sourceTree = BUILT_PRODUCTS_DIR; };
		D8AEA95B2C26C11B00205F90 /* SahabatMikroFintekApp.swift */ = {isa = PBXFileReference; lastKnownFileType = sourcecode.swift; path = SahabatMikroFintekApp.swift; sourceTree = "<group>"; };
		D8AEA95F2C26C11C00205F90 /* Assets.xcassets */ = {isa = PBXFileReference; lastKnownFileType = folder.assetcatalog; path = Assets.xcassets; sourceTree = "<group>"; };
		D8AEA9622C26C11C00205F90 /* Preview Assets.xcassets */ = {isa = PBXFileReference; lastKnownFileType = folder.assetcatalog; path = "Preview Assets.xcassets"; sourceTree = "<group>"; };
		D8AEA96C2C26C1B200205F90 /* LoanListView.swift */ = {isa = PBXFileReference; lastKnownFileType = sourcecode.swift; path = LoanListView.swift; sourceTree = "<group>"; };
		D8AEA96E2C26C1C900205F90 /* LoanListViewModel.swift */ = {isa = PBXFileReference; lastKnownFileType = sourcecode.swift; path = LoanListViewModel.swift; sourceTree = "<group>"; };
		D8AEA9722C26C99F00205F90 /* Loan.swift */ = {isa = PBXFileReference; lastKnownFileType = sourcecode.swift; path = Loan.swift; sourceTree = "<group>"; };
		D8AEA9742C26C9ED00205F90 /* Borrower.swift */ = {isa = PBXFileReference; lastKnownFileType = sourcecode.swift; path = Borrower.swift; sourceTree = "<group>"; };
		D8AEA9762C26CA4A00205F90 /* Collateral.swift */ = {isa = PBXFileReference; lastKnownFileType = sourcecode.swift; path = Collateral.swift; sourceTree = "<group>"; };
		D8AEA9782C26CA8B00205F90 /* Document.swift */ = {isa = PBXFileReference; lastKnownFileType = sourcecode.swift; path = Document.swift; sourceTree = "<group>"; };
		D8AEA97A2C26CACC00205F90 /* RepaymentSchedule.swift */ = {isa = PBXFileReference; lastKnownFileType = sourcecode.swift; path = RepaymentSchedule.swift; sourceTree = "<group>"; };
		D8AEA97C2C26D18C00205F90 /* LoanResponse.swift */ = {isa = PBXFileReference; lastKnownFileType = sourcecode.swift; path = LoanResponse.swift; sourceTree = "<group>"; };
		D8AEA97F2C26D62000205F90 /* ListComponent.swift */ = {isa = PBXFileReference; lastKnownFileType = sourcecode.swift; path = ListComponent.swift; sourceTree = "<group>"; };
		D8AEA9842C270B7900205F90 /* LoanDetailView.swift */ = {isa = PBXFileReference; lastKnownFileType = sourcecode.swift; path = LoanDetailView.swift; sourceTree = "<group>"; };
		D8AEA9862C270B8500205F90 /* LoanDetailViewModel.swift */ = {isa = PBXFileReference; lastKnownFileType = sourcecode.swift; path = LoanDetailViewModel.swift; sourceTree = "<group>"; };
		D8AEA9882C28022F00205F90 /* DocumentDetailView.swift */ = {isa = PBXFileReference; lastKnownFileType = sourcecode.swift; path = DocumentDetailView.swift; sourceTree = "<group>"; };
		D8AEA98B2C28608A00205F90 /* DateFormatter.swift */ = {isa = PBXFileReference; lastKnownFileType = sourcecode.swift; path = DateFormatter.swift; sourceTree = "<group>"; };
		D8AEA98D2C2863F700205F90 /* SortModalView.swift */ = {isa = PBXFileReference; lastKnownFileType = sourcecode.swift; path = SortModalView.swift; sourceTree = "<group>"; };
		D8AEA9932C2864B700205F90 /* SortComponent.swift */ = {isa = PBXFileReference; lastKnownFileType = sourcecode.swift; path = SortComponent.swift; sourceTree = "<group>"; };
		D8AEA9962C2870D600205F90 /* debug.xcconfig */ = {isa = PBXFileReference; lastKnownFileType = text.xcconfig; path = debug.xcconfig; sourceTree = "<group>"; };
		D8AEA9972C28717600205F90 /* Info.plist */ = {isa = PBXFileReference; lastKnownFileType = text.plist; path = Info.plist; sourceTree = "<group>"; };
/* End PBXFileReference section */

/* Begin PBXFrameworksBuildPhase section */
		D8AEA9552C26C11B00205F90 /* Frameworks */ = {
			isa = PBXFrameworksBuildPhase;
			buildActionMask = 2147483647;
			files = (
			);
			runOnlyForDeploymentPostprocessing = 0;
		};
/* End PBXFrameworksBuildPhase section */

/* Begin PBXGroup section */
		D8AEA94F2C26C11B00205F90 = {
			isa = PBXGroup;
			children = (
				D8AEA95A2C26C11B00205F90 /* SahabatMikroFintek */,
				D8AEA9592C26C11B00205F90 /* Products */,
			);
			sourceTree = "<group>";
		};
		D8AEA9592C26C11B00205F90 /* Products */ = {
			isa = PBXGroup;
			children = (
				D8AEA9582C26C11B00205F90 /* SahabatMikroFintek.app */,
			);
			name = Products;
			sourceTree = "<group>";
		};
		D8AEA95A2C26C11B00205F90 /* SahabatMikroFintek */ = {
			isa = PBXGroup;
			children = (
				D8AEA9972C28717600205F90 /* Info.plist */,
				D8AEA95F2C26C11C00205F90 /* Assets.xcassets */,
				D8AEA9692C26C15D00205F90 /* Core */,
				D8AEA96A2C26C16000205F90 /* Presentation */,
				D8AEA9612C26C11C00205F90 /* Preview Content */,
				D8AEA95B2C26C11B00205F90 /* SahabatMikroFintekApp.swift */,
			);
			path = SahabatMikroFintek;
			sourceTree = "<group>";
		};
		D8AEA9612C26C11C00205F90 /* Preview Content */ = {
			isa = PBXGroup;
			children = (
				D8AEA9622C26C11C00205F90 /* Preview Assets.xcassets */,
			);
			path = "Preview Content";
			sourceTree = "<group>";
		};
		D8AEA9692C26C15D00205F90 /* Core */ = {
			isa = PBXGroup;
			children = (
				D8AEA9952C2870B800205F90 /* Config */,
				D8AEA98A2C28608200205F90 /* Utils */,
				D8AEA9712C26C99200205F90 /* Model */,
			);
			path = Core;
			sourceTree = "<group>";
		};
		D8AEA96A2C26C16000205F90 /* Presentation */ = {
			isa = PBXGroup;
			children = (
				D8AEA9832C270B6F00205F90 /* LoanDetail */,
				D8AEA97E2C26D61500205F90 /* GlobalComponents */,
				D8AEA96B2C26C1A100205F90 /* LoanList */,
			);
			path = Presentation;
			sourceTree = "<group>";
		};
		D8AEA96B2C26C1A100205F90 /* LoanList */ = {
			isa = PBXGroup;
			children = (
				D8AEA9922C28649000205F90 /* ViewModels */,
				D8AEA9912C28648D00205F90 /* Views */,
			);
			path = LoanList;
			sourceTree = "<group>";
		};
		D8AEA9712C26C99200205F90 /* Model */ = {
			isa = PBXGroup;
			children = (
				D8AEA9722C26C99F00205F90 /* Loan.swift */,
				D8AEA9742C26C9ED00205F90 /* Borrower.swift */,
				D8AEA9762C26CA4A00205F90 /* Collateral.swift */,
				D8AEA9782C26CA8B00205F90 /* Document.swift */,
				D8AEA97A2C26CACC00205F90 /* RepaymentSchedule.swift */,
				D8AEA97C2C26D18C00205F90 /* LoanResponse.swift */,
			);
			path = Model;
			sourceTree = "<group>";
		};
		D8AEA97E2C26D61500205F90 /* GlobalComponents */ = {
			isa = PBXGroup;
			children = (
				D8AEA97F2C26D62000205F90 /* ListComponent.swift */,
				D8AEA9932C2864B700205F90 /* SortComponent.swift */,
			);
			path = GlobalComponents;
			sourceTree = "<group>";
		};
		D8AEA9832C270B6F00205F90 /* LoanDetail */ = {
			isa = PBXGroup;
			children = (
				D8AEA9902C28647F00205F90 /* ViewModels */,
				D8AEA98F2C28647B00205F90 /* Views */,
			);
			path = LoanDetail;
			sourceTree = "<group>";
		};
		D8AEA98A2C28608200205F90 /* Utils */ = {
			isa = PBXGroup;
			children = (
				D8AEA98B2C28608A00205F90 /* DateFormatter.swift */,
			);
			path = Utils;
			sourceTree = "<group>";
		};
		D8AEA98F2C28647B00205F90 /* Views */ = {
			isa = PBXGroup;
			children = (
				D8AEA9882C28022F00205F90 /* DocumentDetailView.swift */,
				D8AEA9842C270B7900205F90 /* LoanDetailView.swift */,
			);
			path = Views;
			sourceTree = "<group>";
		};
		D8AEA9902C28647F00205F90 /* ViewModels */ = {
			isa = PBXGroup;
			children = (
				D8AEA9862C270B8500205F90 /* LoanDetailViewModel.swift */,
			);
			path = ViewModels;
			sourceTree = "<group>";
		};
		D8AEA9912C28648D00205F90 /* Views */ = {
			isa = PBXGroup;
			children = (
				D8AEA98D2C2863F700205F90 /* SortModalView.swift */,
				D8AEA96C2C26C1B200205F90 /* LoanListView.swift */,
			);
			path = Views;
			sourceTree = "<group>";
		};
		D8AEA9922C28649000205F90 /* ViewModels */ = {
			isa = PBXGroup;
			children = (
				D8AEA96E2C26C1C900205F90 /* LoanListViewModel.swift */,
			);
			path = ViewModels;
			sourceTree = "<group>";
		};
		D8AEA9952C2870B800205F90 /* Config */ = {
			isa = PBXGroup;
			children = (
				D8AEA9962C2870D600205F90 /* debug.xcconfig */,
			);
			path = Config;
			sourceTree = "<group>";
		};
/* End PBXGroup section */

/* Begin PBXNativeTarget section */
		D8AEA9572C26C11B00205F90 /* SahabatMikroFintek */ = {
			isa = PBXNativeTarget;
			buildConfigurationList = D8AEA9662C26C11C00205F90 /* Build configuration list for PBXNativeTarget "SahabatMikroFintek" */;
			buildPhases = (
				D8AEA9542C26C11B00205F90 /* Sources */,
				D8AEA9552C26C11B00205F90 /* Frameworks */,
				D8AEA9562C26C11B00205F90 /* Resources */,
			);
			buildRules = (
			);
			dependencies = (
			);
			name = SahabatMikroFintek;
			productName = SahabatMikroFintek;
			productReference = D8AEA9582C26C11B00205F90 /* SahabatMikroFintek.app */;
			productType = "com.apple.product-type.application";
		};
/* End PBXNativeTarget section */

/* Begin PBXProject section */
		D8AEA9502C26C11B00205F90 /* Project object */ = {
			isa = PBXProject;
			attributes = {
				BuildIndependentTargetsInParallel = 1;
				LastSwiftUpdateCheck = 1540;
				LastUpgradeCheck = 1540;
				TargetAttributes = {
					D8AEA9572C26C11B00205F90 = {
						CreatedOnToolsVersion = 15.4;
					};
				};
			};
			buildConfigurationList = D8AEA9532C26C11B00205F90 /* Build configuration list for PBXProject "SahabatMikroFintek" */;
			compatibilityVersion = "Xcode 14.0";
			developmentRegion = en;
			hasScannedForEncodings = 0;
			knownRegions = (
				en,
				Base,
			);
			mainGroup = D8AEA94F2C26C11B00205F90;
			productRefGroup = D8AEA9592C26C11B00205F90 /* Products */;
			projectDirPath = "";
			projectRoot = "";
			targets = (
				D8AEA9572C26C11B00205F90 /* SahabatMikroFintek */,
			);
		};
/* End PBXProject section */

/* Begin PBXResourcesBuildPhase section */
		D8AEA9562C26C11B00205F90 /* Resources */ = {
			isa = PBXResourcesBuildPhase;
			buildActionMask = 2147483647;
			files = (
				D8AEA9632C26C11C00205F90 /* Preview Assets.xcassets in Resources */,
				D8AEA9602C26C11C00205F90 /* Assets.xcassets in Resources */,
			);
			runOnlyForDeploymentPostprocessing = 0;
		};
/* End PBXResourcesBuildPhase section */

/* Begin PBXSourcesBuildPhase section */
		D8AEA9542C26C11B00205F90 /* Sources */ = {
			isa = PBXSourcesBuildPhase;
			buildActionMask = 2147483647;
			files = (
				D8AEA9752C26C9ED00205F90 /* Borrower.swift in Sources */,
				D8AEA97D2C26D18C00205F90 /* LoanResponse.swift in Sources */,
				D8AEA96D2C26C1B200205F90 /* LoanListView.swift in Sources */,
				D8AEA9852C270B7900205F90 /* LoanDetailView.swift in Sources */,
				D8AEA9892C28022F00205F90 /* DocumentDetailView.swift in Sources */,
				D8AEA9802C26D62000205F90 /* ListComponent.swift in Sources */,
				D8AEA95C2C26C11B00205F90 /* SahabatMikroFintekApp.swift in Sources */,
				D8AEA96F2C26C1C900205F90 /* LoanListViewModel.swift in Sources */,
				D8AEA98C2C28608A00205F90 /* DateFormatter.swift in Sources */,
				D8AEA9942C2864B700205F90 /* SortComponent.swift in Sources */,
				D8AEA97B2C26CACC00205F90 /* RepaymentSchedule.swift in Sources */,
				D8AEA9772C26CA4A00205F90 /* Collateral.swift in Sources */,
				D8AEA9792C26CA8B00205F90 /* Document.swift in Sources */,
				D8AEA9872C270B8500205F90 /* LoanDetailViewModel.swift in Sources */,
				D8AEA98E2C2863F700205F90 /* SortModalView.swift in Sources */,
				D8AEA9732C26C99F00205F90 /* Loan.swift in Sources */,
			);
			runOnlyForDeploymentPostprocessing = 0;
		};
/* End PBXSourcesBuildPhase section */

/* Begin XCBuildConfiguration section */
		D8AEA9642C26C11C00205F90 /* Debug */ = {
			isa = XCBuildConfiguration;
			baseConfigurationReference = D8AEA9962C2870D600205F90 /* debug.xcconfig */;
			buildSettings = {
				ALWAYS_SEARCH_USER_PATHS = NO;
				ASSETCATALOG_COMPILER_GENERATE_SWIFT_ASSET_SYMBOL_EXTENSIONS = YES;
				CLANG_ANALYZER_NONNULL = YES;
				CLANG_ANALYZER_NUMBER_OBJECT_CONVERSION = YES_AGGRESSIVE;
				CLANG_CXX_LANGUAGE_STANDARD = "gnu++20";
				CLANG_ENABLE_MODULES = YES;
				CLANG_ENABLE_OBJC_ARC = YES;
				CLANG_ENABLE_OBJC_WEAK = YES;
				CLANG_WARN_BLOCK_CAPTURE_AUTORELEASING = YES;
				CLANG_WARN_BOOL_CONVERSION = YES;
				CLANG_WARN_COMMA = YES;
				CLANG_WARN_CONSTANT_CONVERSION = YES;
				CLANG_WARN_DEPRECATED_OBJC_IMPLEMENTATIONS = YES;
				CLANG_WARN_DIRECT_OBJC_ISA_USAGE = YES_ERROR;
				CLANG_WARN_DOCUMENTATION_COMMENTS = YES;
				CLANG_WARN_EMPTY_BODY = YES;
				CLANG_WARN_ENUM_CONVERSION = YES;
				CLANG_WARN_INFINITE_RECURSION = YES;
				CLANG_WARN_INT_CONVERSION = YES;
				CLANG_WARN_NON_LITERAL_NULL_CONVERSION = YES;
				CLANG_WARN_OBJC_IMPLICIT_RETAIN_SELF = YES;
				CLANG_WARN_OBJC_LITERAL_CONVERSION = YES;
				CLANG_WARN_OBJC_ROOT_CLASS = YES_ERROR;
				CLANG_WARN_QUOTED_INCLUDE_IN_FRAMEWORK_HEADER = YES;
				CLANG_WARN_RANGE_LOOP_ANALYSIS = YES;
				CLANG_WARN_STRICT_PROTOTYPES = YES;
				CLANG_WARN_SUSPICIOUS_MOVE = YES;
				CLANG_WARN_UNGUARDED_AVAILABILITY = YES_AGGRESSIVE;
				CLANG_WARN_UNREACHABLE_CODE = YES;
				CLANG_WARN__DUPLICATE_METHOD_MATCH = YES;
				COPY_PHASE_STRIP = NO;
				DEBUG_INFORMATION_FORMAT = dwarf;
				ENABLE_STRICT_OBJC_MSGSEND = YES;
				ENABLE_TESTABILITY = YES;
				ENABLE_USER_SCRIPT_SANDBOXING = YES;
				GCC_C_LANGUAGE_STANDARD = gnu17;
				GCC_DYNAMIC_NO_PIC = NO;
				GCC_NO_COMMON_BLOCKS = YES;
				GCC_OPTIMIZATION_LEVEL = 0;
				GCC_PREPROCESSOR_DEFINITIONS = (
					"DEBUG=1",
					"$(inherited)",
				);
				GCC_WARN_64_TO_32_BIT_CONVERSION = YES;
				GCC_WARN_ABOUT_RETURN_TYPE = YES_ERROR;
				GCC_WARN_UNDECLARED_SELECTOR = YES;
				GCC_WARN_UNINITIALIZED_AUTOS = YES_AGGRESSIVE;
				GCC_WARN_UNUSED_FUNCTION = YES;
				GCC_WARN_UNUSED_VARIABLE = YES;
				IPHONEOS_DEPLOYMENT_TARGET = 17.5;
				LOCALIZATION_PREFERS_STRING_CATALOGS = YES;
				MTL_ENABLE_DEBUG_INFO = INCLUDE_SOURCE;
				MTL_FAST_MATH = YES;
				ONLY_ACTIVE_ARCH = YES;
				SDKROOT = iphoneos;
				SWIFT_ACTIVE_COMPILATION_CONDITIONS = "DEBUG $(inherited)";
				SWIFT_OPTIMIZATION_LEVEL = "-Onone";
			};
			name = Debug;
		};
		D8AEA9652C26C11C00205F90 /* Release */ = {
			isa = XCBuildConfiguration;
			baseConfigurationReference = D8AEA9962C2870D600205F90 /* debug.xcconfig */;
			buildSettings = {
				ALWAYS_SEARCH_USER_PATHS = NO;
				ASSETCATALOG_COMPILER_GENERATE_SWIFT_ASSET_SYMBOL_EXTENSIONS = YES;
				CLANG_ANALYZER_NONNULL = YES;
				CLANG_ANALYZER_NUMBER_OBJECT_CONVERSION = YES_AGGRESSIVE;
				CLANG_CXX_LANGUAGE_STANDARD = "gnu++20";
				CLANG_ENABLE_MODULES = YES;
				CLANG_ENABLE_OBJC_ARC = YES;
				CLANG_ENABLE_OBJC_WEAK = YES;
				CLANG_WARN_BLOCK_CAPTURE_AUTORELEASING = YES;
				CLANG_WARN_BOOL_CONVERSION = YES;
				CLANG_WARN_COMMA = YES;
				CLANG_WARN_CONSTANT_CONVERSION = YES;
				CLANG_WARN_DEPRECATED_OBJC_IMPLEMENTATIONS = YES;
				CLANG_WARN_DIRECT_OBJC_ISA_USAGE = YES_ERROR;
				CLANG_WARN_DOCUMENTATION_COMMENTS = YES;
				CLANG_WARN_EMPTY_BODY = YES;
				CLANG_WARN_ENUM_CONVERSION = YES;
				CLANG_WARN_INFINITE_RECURSION = YES;
				CLANG_WARN_INT_CONVERSION = YES;
				CLANG_WARN_NON_LITERAL_NULL_CONVERSION = YES;
				CLANG_WARN_OBJC_IMPLICIT_RETAIN_SELF = YES;
				CLANG_WARN_OBJC_LITERAL_CONVERSION = YES;
				CLANG_WARN_OBJC_ROOT_CLASS = YES_ERROR;
				CLANG_WARN_QUOTED_INCLUDE_IN_FRAMEWORK_HEADER = YES;
				CLANG_WARN_RANGE_LOOP_ANALYSIS = YES;
				CLANG_WARN_STRICT_PROTOTYPES = YES;
				CLANG_WARN_SUSPICIOUS_MOVE = YES;
				CLANG_WARN_UNGUARDED_AVAILABILITY = YES_AGGRESSIVE;
				CLANG_WARN_UNREACHABLE_CODE = YES;
				CLANG_WARN__DUPLICATE_METHOD_MATCH = YES;
				COPY_PHASE_STRIP = NO;
				DEBUG_INFORMATION_FORMAT = "dwarf-with-dsym";
				ENABLE_NS_ASSERTIONS = NO;
				ENABLE_STRICT_OBJC_MSGSEND = YES;
				ENABLE_USER_SCRIPT_SANDBOXING = YES;
				GCC_C_LANGUAGE_STANDARD = gnu17;
				GCC_NO_COMMON_BLOCKS = YES;
				GCC_WARN_64_TO_32_BIT_CONVERSION = YES;
				GCC_WARN_ABOUT_RETURN_TYPE = YES_ERROR;
				GCC_WARN_UNDECLARED_SELECTOR = YES;
				GCC_WARN_UNINITIALIZED_AUTOS = YES_AGGRESSIVE;
				GCC_WARN_UNUSED_FUNCTION = YES;
				GCC_WARN_UNUSED_VARIABLE = YES;
				IPHONEOS_DEPLOYMENT_TARGET = 17.5;
				LOCALIZATION_PREFERS_STRING_CATALOGS = YES;
				MTL_ENABLE_DEBUG_INFO = NO;
				MTL_FAST_MATH = YES;
				SDKROOT = iphoneos;
				SWIFT_COMPILATION_MODE = wholemodule;
				VALIDATE_PRODUCT = YES;
			};
			name = Release;
		};
		D8AEA9672C26C11C00205F90 /* Debug */ = {
			isa = XCBuildConfiguration;
			buildSettings = {
				ASSETCATALOG_COMPILER_APPICON_NAME = AppIcon;
				ASSETCATALOG_COMPILER_GLOBAL_ACCENT_COLOR_NAME = AccentColor;
				CODE_SIGN_STYLE = Automatic;
				CURRENT_PROJECT_VERSION = 1;
				DEVELOPMENT_ASSET_PATHS = "\"SahabatMikroFintek/Preview Content\"";
				DEVELOPMENT_TEAM = MH2BSYHQQX;
				ENABLE_PREVIEWS = YES;
				GENERATE_INFOPLIST_FILE = YES;
				INFOPLIST_FILE = SahabatMikroFintek/Info.plist;
				INFOPLIST_KEY_UIApplicationSceneManifest_Generation = YES;
				INFOPLIST_KEY_UIApplicationSupportsIndirectInputEvents = YES;
				INFOPLIST_KEY_UILaunchScreen_Generation = YES;
				INFOPLIST_KEY_UISupportedInterfaceOrientations_iPad = "UIInterfaceOrientationPortrait UIInterfaceOrientationPortraitUpsideDown UIInterfaceOrientationLandscapeLeft UIInterfaceOrientationLandscapeRight";
				INFOPLIST_KEY_UISupportedInterfaceOrientations_iPhone = "UIInterfaceOrientationPortrait UIInterfaceOrientationLandscapeLeft UIInterfaceOrientationLandscapeRight";
				LD_RUNPATH_SEARCH_PATHS = (
					"$(inherited)",
					"@executable_path/Frameworks",
				);
				MARKETING_VERSION = 1.0;
				PRODUCT_BUNDLE_IDENTIFIER = me.Dallian.Kevin.SahabatMikroFintek;
				PRODUCT_NAME = "$(TARGET_NAME)";
				SWIFT_EMIT_LOC_STRINGS = YES;
				SWIFT_VERSION = 5.0;
				TARGETED_DEVICE_FAMILY = "1,2";
			};
			name = Debug;
		};
		D8AEA9682C26C11C00205F90 /* Release */ = {
			isa = XCBuildConfiguration;
			buildSettings = {
				ASSETCATALOG_COMPILER_APPICON_NAME = AppIcon;
				ASSETCATALOG_COMPILER_GLOBAL_ACCENT_COLOR_NAME = AccentColor;
				CODE_SIGN_STYLE = Automatic;
				CURRENT_PROJECT_VERSION = 1;
				DEVELOPMENT_ASSET_PATHS = "\"SahabatMikroFintek/Preview Content\"";
				DEVELOPMENT_TEAM = MH2BSYHQQX;
				ENABLE_PREVIEWS = YES;
				GENERATE_INFOPLIST_FILE = YES;
				INFOPLIST_FILE = SahabatMikroFintek/Info.plist;
				INFOPLIST_KEY_UIApplicationSceneManifest_Generation = YES;
				INFOPLIST_KEY_UIApplicationSupportsIndirectInputEvents = YES;
				INFOPLIST_KEY_UILaunchScreen_Generation = YES;
				INFOPLIST_KEY_UISupportedInterfaceOrientations_iPad = "UIInterfaceOrientationPortrait UIInterfaceOrientationPortraitUpsideDown UIInterfaceOrientationLandscapeLeft UIInterfaceOrientationLandscapeRight";
				INFOPLIST_KEY_UISupportedInterfaceOrientations_iPhone = "UIInterfaceOrientationPortrait UIInterfaceOrientationLandscapeLeft UIInterfaceOrientationLandscapeRight";
				LD_RUNPATH_SEARCH_PATHS = (
					"$(inherited)",
					"@executable_path/Frameworks",
				);
				MARKETING_VERSION = 1.0;
				PRODUCT_BUNDLE_IDENTIFIER = me.Dallian.Kevin.SahabatMikroFintek;
				PRODUCT_NAME = "$(TARGET_NAME)";
				SWIFT_EMIT_LOC_STRINGS = YES;
				SWIFT_VERSION = 5.0;
				TARGETED_DEVICE_FAMILY = "1,2";
			};
			name = Release;
		};
/* End XCBuildConfiguration section */

/* Begin XCConfigurationList section */
		D8AEA9532C26C11B00205F90 /* Build configuration list for PBXProject "SahabatMikroFintek" */ = {
			isa = XCConfigurationList;
			buildConfigurations = (
				D8AEA9642C26C11C00205F90 /* Debug */,
				D8AEA9652C26C11C00205F90 /* Release */,
			);
			defaultConfigurationIsVisible = 0;
			defaultConfigurationName = Release;
		};
		D8AEA9662C26C11C00205F90 /* Build configuration list for PBXNativeTarget "SahabatMikroFintek" */ = {
			isa = XCConfigurationList;
			buildConfigurations = (
				D8AEA9672C26C11C00205F90 /* Debug */,
				D8AEA9682C26C11C00205F90 /* Release */,
			);
			defaultConfigurationIsVisible = 0;
			defaultConfigurationName = Release;
		};
/* End XCConfigurationList section */
	};
	rootObject = D8AEA9502C26C11B00205F90 /* Project object */;
}
